// !$*UTF8*$!
{
	archiveVersion = 1;
	classes = {
	};
	objectVersion = 46;
	objects = {

/* Begin PBXBuildFile section */
		8828DC65D52725E072566437 /* libPods-faceTagTester.a in Frameworks */ = {isa = PBXBuildFile; fileRef = 4CCA340E593D8FC9F165DACC /* libPods-faceTagTester.a */; };
		9F4D03301A93C85A00806AF5 /* UIImage+FTAdditions.m in Sources */ = {isa = PBXBuildFile; fileRef = 9F4D032F1A93C85A00806AF5 /* UIImage+FTAdditions.m */; };
		9F4D03331A94121F00806AF5 /* FTAdditions.m in Sources */ = {isa = PBXBuildFile; fileRef = 9F4D03321A94121F00806AF5 /* FTAdditions.m */; };
		9F4D03381A97E3F500806AF5 /* UIColor+FTAdditions.m in Sources */ = {isa = PBXBuildFile; fileRef = 9F4D03371A97E3F500806AF5 /* UIColor+FTAdditions.m */; };
		9F4D033B1A97ECFE00806AF5 /* FTGroupManagingViewController.m in Sources */ = {isa = PBXBuildFile; fileRef = 9F4D033A1A97ECFE00806AF5 /* FTGroupManagingViewController.m */; };
		9F4D033E1A97F50C00806AF5 /* FTPeopleCollectionView.m in Sources */ = {isa = PBXBuildFile; fileRef = 9F4D033D1A97F50C00806AF5 /* FTPeopleCollectionView.m */; };
		9F4D034B1AA0FF0300806AF5 /* capture-flip-pressed.png in Resources */ = {isa = PBXBuildFile; fileRef = 9F4D03471AA0FF0300806AF5 /* capture-flip-pressed.png */; };
		9F4D034C1AA0FF0300806AF5 /* capture-flip-pressed@2x.png in Resources */ = {isa = PBXBuildFile; fileRef = 9F4D03481AA0FF0300806AF5 /* capture-flip-pressed@2x.png */; };
		9F4D034D1AA0FF0300806AF5 /* capture-flip.png in Resources */ = {isa = PBXBuildFile; fileRef = 9F4D03491AA0FF0300806AF5 /* capture-flip.png */; };
		9F4D034E1AA0FF0300806AF5 /* capture-flip@2x.png in Resources */ = {isa = PBXBuildFile; fileRef = 9F4D034A1AA0FF0300806AF5 /* capture-flip@2x.png */; };
		9F4D03541AA184A700806AF5 /* FTPopupView.m in Sources */ = {isa = PBXBuildFile; fileRef = 9F4D03531AA184A700806AF5 /* FTPopupView.m */; };
		9F4D03571AA65CD600806AF5 /* FTGroupListTableViewCell.m in Sources */ = {isa = PBXBuildFile; fileRef = 9F4D03561AA65CD600806AF5 /* FTGroupListTableViewCell.m */; };
		9F4D035A1AA6932800806AF5 /* date-select.png in Resources */ = {isa = PBXBuildFile; fileRef = 9F4D03581AA6932800806AF5 /* date-select.png */; };
		9F4D035B1AA6932800806AF5 /* date-select@2x.png in Resources */ = {isa = PBXBuildFile; fileRef = 9F4D03591AA6932800806AF5 /* date-select@2x.png */; };
		9F4D035E1AA92E0800806AF5 /* FTFaceRecognitionManager.m in Sources */ = {isa = PBXBuildFile; fileRef = 9F4D035D1AA92E0800806AF5 /* FTFaceRecognitionManager.m */; };
		9F4D03611AAF73FC00806AF5 /* Bolts.framework in Frameworks */ = {isa = PBXBuildFile; fileRef = 9F4D035F1AAF73FB00806AF5 /* Bolts.framework */; };
		9F4D03621AAF73FC00806AF5 /* Parse.framework in Frameworks */ = {isa = PBXBuildFile; fileRef = 9F4D03601AAF73FB00806AF5 /* Parse.framework */; };
		9F4D03641AAF744200806AF5 /* AudioToolbox.framework in Frameworks */ = {isa = PBXBuildFile; fileRef = 9F4D03631AAF744200806AF5 /* AudioToolbox.framework */; };
		9F4D03661AAF744C00806AF5 /* CFNetwork.framework in Frameworks */ = {isa = PBXBuildFile; fileRef = 9F4D03651AAF744C00806AF5 /* CFNetwork.framework */; };
		9F4D03681AAF745800806AF5 /* CoreGraphics.framework in Frameworks */ = {isa = PBXBuildFile; fileRef = 9F4D03671AAF745800806AF5 /* CoreGraphics.framework */; };
		9F4D036A1AAF746800806AF5 /* MobileCoreServices.framework in Frameworks */ = {isa = PBXBuildFile; fileRef = 9F4D03691AAF746800806AF5 /* MobileCoreServices.framework */; };
		9F4D036C1AAF747100806AF5 /* QuartzCore.framework in Frameworks */ = {isa = PBXBuildFile; fileRef = 9F4D036B1AAF747100806AF5 /* QuartzCore.framework */; };
		9F4D036E1AAF747A00806AF5 /* Security.framework in Frameworks */ = {isa = PBXBuildFile; fileRef = 9F4D036D1AAF747A00806AF5 /* Security.framework */; };
		9F4D03701AAF748E00806AF5 /* StoreKit.framework in Frameworks */ = {isa = PBXBuildFile; fileRef = 9F4D036F1AAF748E00806AF5 /* StoreKit.framework */; };
		9F4D03721AAF749800806AF5 /* SystemConfiguration.framework in Frameworks */ = {isa = PBXBuildFile; fileRef = 9F4D03711AAF749700806AF5 /* SystemConfiguration.framework */; };
		9F4D03741AAF74A700806AF5 /* libz.dylib in Frameworks */ = {isa = PBXBuildFile; fileRef = 9F4D03731AAF74A700806AF5 /* libz.dylib */; };
		9F4D03761AAF74B200806AF5 /* libsqlite3.dylib in Frameworks */ = {isa = PBXBuildFile; fileRef = 9F4D03751AAF74B200806AF5 /* libsqlite3.dylib */; };
		9F5147911A8A87050089EAD1 /* main.m in Sources */ = {isa = PBXBuildFile; fileRef = 9F5147901A8A87050089EAD1 /* main.m */; };
		9F5147941A8A87050089EAD1 /* AppDelegate.m in Sources */ = {isa = PBXBuildFile; fileRef = 9F5147931A8A87050089EAD1 /* AppDelegate.m */; };
		9F5147971A8A87050089EAD1 /* faceTagTester.xcdatamodeld in Sources */ = {isa = PBXBuildFile; fileRef = 9F5147951A8A87050089EAD1 /* faceTagTester.xcdatamodeld */; };
		9F51479A1A8A87050089EAD1 /* FTGroupPhotosViewController.m in Sources */ = {isa = PBXBuildFile; fileRef = 9F5147991A8A87050089EAD1 /* FTGroupPhotosViewController.m */; };
		9F51479D1A8A87050089EAD1 /* Main.storyboard in Resources */ = {isa = PBXBuildFile; fileRef = 9F51479B1A8A87050089EAD1 /* Main.storyboard */; };
		9F51479F1A8A87050089EAD1 /* Images.xcassets in Resources */ = {isa = PBXBuildFile; fileRef = 9F51479E1A8A87050089EAD1 /* Images.xcassets */; };
		9F5147A21A8A87050089EAD1 /* LaunchScreen.xib in Resources */ = {isa = PBXBuildFile; fileRef = 9F5147A01A8A87050089EAD1 /* LaunchScreen.xib */; };
		9F5147AE1A8A87050089EAD1 /* faceTagTesterTests.m in Sources */ = {isa = PBXBuildFile; fileRef = 9F5147AD1A8A87050089EAD1 /* faceTagTesterTests.m */; };
		9F5147B91A8A8CAA0089EAD1 /* FTPerson.m in Sources */ = {isa = PBXBuildFile; fileRef = 9F5147B81A8A8CAA0089EAD1 /* FTPerson.m */; };
		9F5147BF1A8AC13C0089EAD1 /* FaceppDetection+LocalResultUploader.m in Sources */ = {isa = PBXBuildFile; fileRef = 9F5147BC1A8AC13C0089EAD1 /* FaceppDetection+LocalResultUploader.m */; };
		9F51480D1A8ADED90089EAD1 /* chengyue.jpeg in Resources */ = {isa = PBXBuildFile; fileRef = 9F51480B1A8ADED90089EAD1 /* chengyue.jpeg */; };
		9F51480E1A8ADEDA0089EAD1 /* siyao.jpeg in Resources */ = {isa = PBXBuildFile; fileRef = 9F51480C1A8ADED90089EAD1 /* siyao.jpeg */; };
		9F51482B1A8BE6200089EAD1 /* FaceppAPI.m in Sources */ = {isa = PBXBuildFile; fileRef = 9F5148121A8BE61F0089EAD1 /* FaceppAPI.m */; };
		9F51482C1A8BE6200089EAD1 /* FaceppClient.m in Sources */ = {isa = PBXBuildFile; fileRef = 9F5148151A8BE61F0089EAD1 /* FaceppClient.m */; };
		9F51482D1A8BE6200089EAD1 /* FaceppDetection.m in Sources */ = {isa = PBXBuildFile; fileRef = 9F5148171A8BE61F0089EAD1 /* FaceppDetection.m */; };
		9F51482E1A8BE6200089EAD1 /* FaceppFaceset.m in Sources */ = {isa = PBXBuildFile; fileRef = 9F5148191A8BE61F0089EAD1 /* FaceppFaceset.m */; };
		9F51482F1A8BE6200089EAD1 /* FaceppGroup.m in Sources */ = {isa = PBXBuildFile; fileRef = 9F51481B1A8BE61F0089EAD1 /* FaceppGroup.m */; };
		9F5148301A8BE6200089EAD1 /* FaceppGrouping.m in Sources */ = {isa = PBXBuildFile; fileRef = 9F51481D1A8BE61F0089EAD1 /* FaceppGrouping.m */; };
		9F5148311A8BE6200089EAD1 /* FaceppInfo.m in Sources */ = {isa = PBXBuildFile; fileRef = 9F51481F1A8BE61F0089EAD1 /* FaceppInfo.m */; };
		9F5148321A8BE6200089EAD1 /* FaceppPerson.m in Sources */ = {isa = PBXBuildFile; fileRef = 9F5148211A8BE6200089EAD1 /* FaceppPerson.m */; };
		9F5148331A8BE6200089EAD1 /* FaceppRecognition.m in Sources */ = {isa = PBXBuildFile; fileRef = 9F5148231A8BE6200089EAD1 /* FaceppRecognition.m */; };
		9F5148341A8BE6200089EAD1 /* FaceppTrainer.m in Sources */ = {isa = PBXBuildFile; fileRef = 9F5148251A8BE6200089EAD1 /* FaceppTrainer.m */; };
		9F5148351A8BE6200089EAD1 /* FaceppError.m in Sources */ = {isa = PBXBuildFile; fileRef = 9F5148281A8BE6200089EAD1 /* FaceppError.m */; };
		9F5148361A8BE6200089EAD1 /* FaceppResult.m in Sources */ = {isa = PBXBuildFile; fileRef = 9F51482A1A8BE6200089EAD1 /* FaceppResult.m */; };
		9F5148391A8BEDB80089EAD1 /* FTDetector.m in Sources */ = {isa = PBXBuildFile; fileRef = 9F5148381A8BEDB80089EAD1 /* FTDetector.m */; };
		9F51483C1A8C1D620089EAD1 /* FTGroup.m in Sources */ = {isa = PBXBuildFile; fileRef = 9F51483B1A8C1D620089EAD1 /* FTGroup.m */; };
		9F51483E1A8D32250089EAD1 /* CoreImage.framework in Frameworks */ = {isa = PBXBuildFile; fileRef = 9F51483D1A8D32250089EAD1 /* CoreImage.framework */; };
		9F5148401A8D32880089EAD1 /* ImageIO.framework in Frameworks */ = {isa = PBXBuildFile; fileRef = 9F51483F1A8D32880089EAD1 /* ImageIO.framework */; };
		D1651EF51A985DE1004757B4 /* FTNetwork.m in Sources */ = {isa = PBXBuildFile; fileRef = D1651EF41A985DE1004757B4 /* FTNetwork.m */; };
		D1651EFB1A9C5B17004757B4 /* FTGroupsListViewController.m in Sources */ = {isa = PBXBuildFile; fileRef = D1651EFA1A9C5B17004757B4 /* FTGroupsListViewController.m */; };
		D1651EFE1A9D9F8C004757B4 /* FTPersonPopUpView.m in Sources */ = {isa = PBXBuildFile; fileRef = D1651EFD1A9D9F8C004757B4 /* FTPersonPopUpView.m */; };
		D1B9F9011A8B3D31002538E0 /* FTModel.m in Sources */ = {isa = PBXBuildFile; fileRef = D1B9F9001A8B3D31002538E0 /* FTModel.m */; };
		D1B9F9041A8B4425002538E0 /* FTPhoto.m in Sources */ = {isa = PBXBuildFile; fileRef = D1B9F9031A8B4425002538E0 /* FTPhoto.m */; };
		D1B9F9071A8DD8A6002538E0 /* chengyue-s.jpg in Resources */ = {isa = PBXBuildFile; fileRef = D1B9F9051A8DD8A6002538E0 /* chengyue-s.jpg */; };
		D1B9F9081A8DD8A8002538E0 /* siyao-s.jpg in Resources */ = {isa = PBXBuildFile; fileRef = D1B9F9061A8DD8A6002538E0 /* siyao-s.jpg */; };
/* End PBXBuildFile section */

/* Begin PBXContainerItemProxy section */
		9F5147A81A8A87050089EAD1 /* PBXContainerItemProxy */ = {
			isa = PBXContainerItemProxy;
			containerPortal = 9F5147831A8A87050089EAD1 /* Project object */;
			proxyType = 1;
			remoteGlobalIDString = 9F51478A1A8A87050089EAD1;
			remoteInfo = faceTagTester;
		};
/* End PBXContainerItemProxy section */

/* Begin PBXFileReference section */
		4CCA340E593D8FC9F165DACC /* libPods-faceTagTester.a */ = {isa = PBXFileReference; explicitFileType = archive.ar; includeInIndex = 0; path = "libPods-faceTagTester.a"; sourceTree = BUILT_PRODUCTS_DIR; };
		9F4D032E1A93C85A00806AF5 /* UIImage+FTAdditions.h */ = {isa = PBXFileReference; fileEncoding = 4; lastKnownFileType = sourcecode.c.h; path = "UIImage+FTAdditions.h"; sourceTree = "<group>"; };
		9F4D032F1A93C85A00806AF5 /* UIImage+FTAdditions.m */ = {isa = PBXFileReference; fileEncoding = 4; lastKnownFileType = sourcecode.c.objc; path = "UIImage+FTAdditions.m"; sourceTree = "<group>"; };
		9F4D03311A94121F00806AF5 /* FTAdditions.h */ = {isa = PBXFileReference; fileEncoding = 4; lastKnownFileType = sourcecode.c.h; path = FTAdditions.h; sourceTree = "<group>"; };
		9F4D03321A94121F00806AF5 /* FTAdditions.m */ = {isa = PBXFileReference; fileEncoding = 4; lastKnownFileType = sourcecode.c.objc; path = FTAdditions.m; sourceTree = "<group>"; };
		9F4D03351A9571A800806AF5 /* faceTagTester-Prefix.pch */ = {isa = PBXFileReference; fileEncoding = 4; lastKnownFileType = sourcecode.c.h; path = "faceTagTester-Prefix.pch"; sourceTree = "<group>"; };
		9F4D03361A97E3F500806AF5 /* UIColor+FTAdditions.h */ = {isa = PBXFileReference; fileEncoding = 4; lastKnownFileType = sourcecode.c.h; path = "UIColor+FTAdditions.h"; sourceTree = "<group>"; };
		9F4D03371A97E3F500806AF5 /* UIColor+FTAdditions.m */ = {isa = PBXFileReference; fileEncoding = 4; lastKnownFileType = sourcecode.c.objc; path = "UIColor+FTAdditions.m"; sourceTree = "<group>"; };
		9F4D03391A97ECFE00806AF5 /* FTGroupManagingViewController.h */ = {isa = PBXFileReference; fileEncoding = 4; lastKnownFileType = sourcecode.c.h; path = FTGroupManagingViewController.h; sourceTree = "<group>"; };
		9F4D033A1A97ECFE00806AF5 /* FTGroupManagingViewController.m */ = {isa = PBXFileReference; fileEncoding = 4; lastKnownFileType = sourcecode.c.objc; path = FTGroupManagingViewController.m; sourceTree = "<group>"; };
		9F4D033C1A97F50C00806AF5 /* FTPeopleCollectionView.h */ = {isa = PBXFileReference; fileEncoding = 4; lastKnownFileType = sourcecode.c.h; path = FTPeopleCollectionView.h; sourceTree = "<group>"; };
		9F4D033D1A97F50C00806AF5 /* FTPeopleCollectionView.m */ = {isa = PBXFileReference; fileEncoding = 4; lastKnownFileType = sourcecode.c.objc; path = FTPeopleCollectionView.m; sourceTree = "<group>"; };
		9F4D03471AA0FF0300806AF5 /* capture-flip-pressed.png */ = {isa = PBXFileReference; lastKnownFileType = image.png; path = "capture-flip-pressed.png"; sourceTree = "<group>"; };
		9F4D03481AA0FF0300806AF5 /* capture-flip-pressed@2x.png */ = {isa = PBXFileReference; lastKnownFileType = image.png; path = "capture-flip-pressed@2x.png"; sourceTree = "<group>"; };
		9F4D03491AA0FF0300806AF5 /* capture-flip.png */ = {isa = PBXFileReference; lastKnownFileType = image.png; path = "capture-flip.png"; sourceTree = "<group>"; };
		9F4D034A1AA0FF0300806AF5 /* capture-flip@2x.png */ = {isa = PBXFileReference; lastKnownFileType = image.png; path = "capture-flip@2x.png"; sourceTree = "<group>"; };
		9F4D03521AA184A700806AF5 /* FTPopupView.h */ = {isa = PBXFileReference; fileEncoding = 4; lastKnownFileType = sourcecode.c.h; path = FTPopupView.h; sourceTree = "<group>"; };
		9F4D03531AA184A700806AF5 /* FTPopupView.m */ = {isa = PBXFileReference; fileEncoding = 4; lastKnownFileType = sourcecode.c.objc; path = FTPopupView.m; sourceTree = "<group>"; };
		9F4D03551AA65CD600806AF5 /* FTGroupListTableViewCell.h */ = {isa = PBXFileReference; fileEncoding = 4; lastKnownFileType = sourcecode.c.h; path = FTGroupListTableViewCell.h; sourceTree = "<group>"; };
		9F4D03561AA65CD600806AF5 /* FTGroupListTableViewCell.m */ = {isa = PBXFileReference; fileEncoding = 4; lastKnownFileType = sourcecode.c.objc; path = FTGroupListTableViewCell.m; sourceTree = "<group>"; };
		9F4D03581AA6932800806AF5 /* date-select.png */ = {isa = PBXFileReference; lastKnownFileType = image.png; path = "date-select.png"; sourceTree = "<group>"; };
		9F4D03591AA6932800806AF5 /* date-select@2x.png */ = {isa = PBXFileReference; lastKnownFileType = image.png; path = "date-select@2x.png"; sourceTree = "<group>"; };
		9F4D035C1AA92E0800806AF5 /* FTFaceRecognitionManager.h */ = {isa = PBXFileReference; fileEncoding = 4; lastKnownFileType = sourcecode.c.h; path = FTFaceRecognitionManager.h; sourceTree = "<group>"; };
		9F4D035D1AA92E0800806AF5 /* FTFaceRecognitionManager.m */ = {isa = PBXFileReference; fileEncoding = 4; lastKnownFileType = sourcecode.c.objc; path = FTFaceRecognitionManager.m; sourceTree = "<group>"; };
		9F4D035F1AAF73FB00806AF5 /* Bolts.framework */ = {isa = PBXFileReference; lastKnownFileType = wrapper.framework; path = Bolts.framework; sourceTree = "<group>"; };
		9F4D03601AAF73FB00806AF5 /* Parse.framework */ = {isa = PBXFileReference; lastKnownFileType = wrapper.framework; path = Parse.framework; sourceTree = "<group>"; };
		9F4D03631AAF744200806AF5 /* AudioToolbox.framework */ = {isa = PBXFileReference; lastKnownFileType = wrapper.framework; name = AudioToolbox.framework; path = System/Library/Frameworks/AudioToolbox.framework; sourceTree = SDKROOT; };
		9F4D03651AAF744C00806AF5 /* CFNetwork.framework */ = {isa = PBXFileReference; lastKnownFileType = wrapper.framework; name = CFNetwork.framework; path = System/Library/Frameworks/CFNetwork.framework; sourceTree = SDKROOT; };
		9F4D03671AAF745800806AF5 /* CoreGraphics.framework */ = {isa = PBXFileReference; lastKnownFileType = wrapper.framework; name = CoreGraphics.framework; path = System/Library/Frameworks/CoreGraphics.framework; sourceTree = SDKROOT; };
		9F4D03691AAF746800806AF5 /* MobileCoreServices.framework */ = {isa = PBXFileReference; lastKnownFileType = wrapper.framework; name = MobileCoreServices.framework; path = System/Library/Frameworks/MobileCoreServices.framework; sourceTree = SDKROOT; };
		9F4D036B1AAF747100806AF5 /* QuartzCore.framework */ = {isa = PBXFileReference; lastKnownFileType = wrapper.framework; name = QuartzCore.framework; path = System/Library/Frameworks/QuartzCore.framework; sourceTree = SDKROOT; };
		9F4D036D1AAF747A00806AF5 /* Security.framework */ = {isa = PBXFileReference; lastKnownFileType = wrapper.framework; name = Security.framework; path = System/Library/Frameworks/Security.framework; sourceTree = SDKROOT; };
		9F4D036F1AAF748E00806AF5 /* StoreKit.framework */ = {isa = PBXFileReference; lastKnownFileType = wrapper.framework; name = StoreKit.framework; path = System/Library/Frameworks/StoreKit.framework; sourceTree = SDKROOT; };
		9F4D03711AAF749700806AF5 /* SystemConfiguration.framework */ = {isa = PBXFileReference; lastKnownFileType = wrapper.framework; name = SystemConfiguration.framework; path = System/Library/Frameworks/SystemConfiguration.framework; sourceTree = SDKROOT; };
		9F4D03731AAF74A700806AF5 /* libz.dylib */ = {isa = PBXFileReference; lastKnownFileType = "compiled.mach-o.dylib"; name = libz.dylib; path = usr/lib/libz.dylib; sourceTree = SDKROOT; };
		9F4D03751AAF74B200806AF5 /* libsqlite3.dylib */ = {isa = PBXFileReference; lastKnownFileType = "compiled.mach-o.dylib"; name = libsqlite3.dylib; path = usr/lib/libsqlite3.dylib; sourceTree = SDKROOT; };
		9F51478B1A8A87050089EAD1 /* faceTagTester.app */ = {isa = PBXFileReference; explicitFileType = wrapper.application; includeInIndex = 0; path = faceTagTester.app; sourceTree = BUILT_PRODUCTS_DIR; };
		9F51478F1A8A87050089EAD1 /* Info.plist */ = {isa = PBXFileReference; lastKnownFileType = text.plist.xml; path = Info.plist; sourceTree = "<group>"; };
		9F5147901A8A87050089EAD1 /* main.m */ = {isa = PBXFileReference; lastKnownFileType = sourcecode.c.objc; path = main.m; sourceTree = "<group>"; };
		9F5147921A8A87050089EAD1 /* AppDelegate.h */ = {isa = PBXFileReference; lastKnownFileType = sourcecode.c.h; path = AppDelegate.h; sourceTree = "<group>"; };
		9F5147931A8A87050089EAD1 /* AppDelegate.m */ = {isa = PBXFileReference; lastKnownFileType = sourcecode.c.objc; path = AppDelegate.m; sourceTree = "<group>"; };
		9F5147961A8A87050089EAD1 /* faceTagTester.xcdatamodel */ = {isa = PBXFileReference; lastKnownFileType = wrapper.xcdatamodel; path = faceTagTester.xcdatamodel; sourceTree = "<group>"; };
		9F5147981A8A87050089EAD1 /* FTGroupPhotosViewController.h */ = {isa = PBXFileReference; lastKnownFileType = sourcecode.c.h; path = FTGroupPhotosViewController.h; sourceTree = "<group>"; };
		9F5147991A8A87050089EAD1 /* FTGroupPhotosViewController.m */ = {isa = PBXFileReference; lastKnownFileType = sourcecode.c.objc; path = FTGroupPhotosViewController.m; sourceTree = "<group>"; };
		9F51479C1A8A87050089EAD1 /* Base */ = {isa = PBXFileReference; lastKnownFileType = file.storyboard; name = Base; path = Base.lproj/Main.storyboard; sourceTree = "<group>"; };
		9F51479E1A8A87050089EAD1 /* Images.xcassets */ = {isa = PBXFileReference; lastKnownFileType = folder.assetcatalog; path = Images.xcassets; sourceTree = "<group>"; };
		9F5147A11A8A87050089EAD1 /* Base */ = {isa = PBXFileReference; lastKnownFileType = file.xib; name = Base; path = Base.lproj/LaunchScreen.xib; sourceTree = "<group>"; };
		9F5147A71A8A87050089EAD1 /* faceTagTesterTests.xctest */ = {isa = PBXFileReference; explicitFileType = wrapper.cfbundle; includeInIndex = 0; path = faceTagTesterTests.xctest; sourceTree = BUILT_PRODUCTS_DIR; };
		9F5147AC1A8A87050089EAD1 /* Info.plist */ = {isa = PBXFileReference; lastKnownFileType = text.plist.xml; path = Info.plist; sourceTree = "<group>"; };
		9F5147AD1A8A87050089EAD1 /* faceTagTesterTests.m */ = {isa = PBXFileReference; lastKnownFileType = sourcecode.c.objc; path = faceTagTesterTests.m; sourceTree = "<group>"; };
		9F5147B71A8A8CAA0089EAD1 /* FTPerson.h */ = {isa = PBXFileReference; fileEncoding = 4; lastKnownFileType = sourcecode.c.h; name = FTPerson.h; path = ../FTPerson.h; sourceTree = "<group>"; };
		9F5147B81A8A8CAA0089EAD1 /* FTPerson.m */ = {isa = PBXFileReference; fileEncoding = 4; lastKnownFileType = sourcecode.c.objc; name = FTPerson.m; path = ../FTPerson.m; sourceTree = "<group>"; };
		9F5147BB1A8AC13C0089EAD1 /* FaceppDetection+LocalResultUploader.h */ = {isa = PBXFileReference; fileEncoding = 4; lastKnownFileType = sourcecode.c.h; path = "FaceppDetection+LocalResultUploader.h"; sourceTree = "<group>"; };
		9F5147BC1A8AC13C0089EAD1 /* FaceppDetection+LocalResultUploader.m */ = {isa = PBXFileReference; fileEncoding = 4; lastKnownFileType = sourcecode.c.objc; path = "FaceppDetection+LocalResultUploader.m"; sourceTree = "<group>"; };
		9F51480B1A8ADED90089EAD1 /* chengyue.jpeg */ = {isa = PBXFileReference; lastKnownFileType = image.jpeg; name = chengyue.jpeg; path = ../chengyue.jpeg; sourceTree = "<group>"; };
		9F51480C1A8ADED90089EAD1 /* siyao.jpeg */ = {isa = PBXFileReference; lastKnownFileType = image.jpeg; name = siyao.jpeg; path = ../siyao.jpeg; sourceTree = "<group>"; };
		9F5148111A8BE61F0089EAD1 /* FaceppAPI.h */ = {isa = PBXFileReference; fileEncoding = 4; lastKnownFileType = sourcecode.c.h; path = FaceppAPI.h; sourceTree = "<group>"; };
		9F5148121A8BE61F0089EAD1 /* FaceppAPI.m */ = {isa = PBXFileReference; fileEncoding = 4; lastKnownFileType = sourcecode.c.objc; path = FaceppAPI.m; sourceTree = "<group>"; };
		9F5148141A8BE61F0089EAD1 /* FaceppClient.h */ = {isa = PBXFileReference; fileEncoding = 4; lastKnownFileType = sourcecode.c.h; path = FaceppClient.h; sourceTree = "<group>"; };
		9F5148151A8BE61F0089EAD1 /* FaceppClient.m */ = {isa = PBXFileReference; fileEncoding = 4; lastKnownFileType = sourcecode.c.objc; path = FaceppClient.m; sourceTree = "<group>"; };
		9F5148161A8BE61F0089EAD1 /* FaceppDetection.h */ = {isa = PBXFileReference; fileEncoding = 4; lastKnownFileType = sourcecode.c.h; path = FaceppDetection.h; sourceTree = "<group>"; };
		9F5148171A8BE61F0089EAD1 /* FaceppDetection.m */ = {isa = PBXFileReference; fileEncoding = 4; lastKnownFileType = sourcecode.c.objc; path = FaceppDetection.m; sourceTree = "<group>"; };
		9F5148181A8BE61F0089EAD1 /* FaceppFaceset.h */ = {isa = PBXFileReference; fileEncoding = 4; lastKnownFileType = sourcecode.c.h; path = FaceppFaceset.h; sourceTree = "<group>"; };
		9F5148191A8BE61F0089EAD1 /* FaceppFaceset.m */ = {isa = PBXFileReference; fileEncoding = 4; lastKnownFileType = sourcecode.c.objc; path = FaceppFaceset.m; sourceTree = "<group>"; };
		9F51481A1A8BE61F0089EAD1 /* FaceppGroup.h */ = {isa = PBXFileReference; fileEncoding = 4; lastKnownFileType = sourcecode.c.h; path = FaceppGroup.h; sourceTree = "<group>"; };
		9F51481B1A8BE61F0089EAD1 /* FaceppGroup.m */ = {isa = PBXFileReference; fileEncoding = 4; lastKnownFileType = sourcecode.c.objc; path = FaceppGroup.m; sourceTree = "<group>"; };
		9F51481C1A8BE61F0089EAD1 /* FaceppGrouping.h */ = {isa = PBXFileReference; fileEncoding = 4; lastKnownFileType = sourcecode.c.h; path = FaceppGrouping.h; sourceTree = "<group>"; };
		9F51481D1A8BE61F0089EAD1 /* FaceppGrouping.m */ = {isa = PBXFileReference; fileEncoding = 4; lastKnownFileType = sourcecode.c.objc; path = FaceppGrouping.m; sourceTree = "<group>"; };
		9F51481E1A8BE61F0089EAD1 /* FaceppInfo.h */ = {isa = PBXFileReference; fileEncoding = 4; lastKnownFileType = sourcecode.c.h; path = FaceppInfo.h; sourceTree = "<group>"; };
		9F51481F1A8BE61F0089EAD1 /* FaceppInfo.m */ = {isa = PBXFileReference; fileEncoding = 4; lastKnownFileType = sourcecode.c.objc; path = FaceppInfo.m; sourceTree = "<group>"; };
		9F5148201A8BE6200089EAD1 /* FaceppPerson.h */ = {isa = PBXFileReference; fileEncoding = 4; lastKnownFileType = sourcecode.c.h; path = FaceppPerson.h; sourceTree = "<group>"; };
		9F5148211A8BE6200089EAD1 /* FaceppPerson.m */ = {isa = PBXFileReference; fileEncoding = 4; lastKnownFileType = sourcecode.c.objc; path = FaceppPerson.m; sourceTree = "<group>"; };
		9F5148221A8BE6200089EAD1 /* FaceppRecognition.h */ = {isa = PBXFileReference; fileEncoding = 4; lastKnownFileType = sourcecode.c.h; path = FaceppRecognition.h; sourceTree = "<group>"; };
		9F5148231A8BE6200089EAD1 /* FaceppRecognition.m */ = {isa = PBXFileReference; fileEncoding = 4; lastKnownFileType = sourcecode.c.objc; path = FaceppRecognition.m; sourceTree = "<group>"; };
		9F5148241A8BE6200089EAD1 /* FaceppTrainer.h */ = {isa = PBXFileReference; fileEncoding = 4; lastKnownFileType = sourcecode.c.h; path = FaceppTrainer.h; sourceTree = "<group>"; };
		9F5148251A8BE6200089EAD1 /* FaceppTrainer.m */ = {isa = PBXFileReference; fileEncoding = 4; lastKnownFileType = sourcecode.c.objc; path = FaceppTrainer.m; sourceTree = "<group>"; };
		9F5148271A8BE6200089EAD1 /* FaceppError.h */ = {isa = PBXFileReference; fileEncoding = 4; lastKnownFileType = sourcecode.c.h; path = FaceppError.h; sourceTree = "<group>"; };
		9F5148281A8BE6200089EAD1 /* FaceppError.m */ = {isa = PBXFileReference; fileEncoding = 4; lastKnownFileType = sourcecode.c.objc; path = FaceppError.m; sourceTree = "<group>"; };
		9F5148291A8BE6200089EAD1 /* FaceppResult.h */ = {isa = PBXFileReference; fileEncoding = 4; lastKnownFileType = sourcecode.c.h; path = FaceppResult.h; sourceTree = "<group>"; };
		9F51482A1A8BE6200089EAD1 /* FaceppResult.m */ = {isa = PBXFileReference; fileEncoding = 4; lastKnownFileType = sourcecode.c.objc; path = FaceppResult.m; sourceTree = "<group>"; };
		9F5148371A8BEDB80089EAD1 /* FTDetector.h */ = {isa = PBXFileReference; fileEncoding = 4; lastKnownFileType = sourcecode.c.h; path = FTDetector.h; sourceTree = "<group>"; };
		9F5148381A8BEDB80089EAD1 /* FTDetector.m */ = {isa = PBXFileReference; fileEncoding = 4; lastKnownFileType = sourcecode.c.objc; path = FTDetector.m; sourceTree = "<group>"; };
		9F51483A1A8C1D620089EAD1 /* FTGroup.h */ = {isa = PBXFileReference; fileEncoding = 4; lastKnownFileType = sourcecode.c.h; path = FTGroup.h; sourceTree = "<group>"; };
		9F51483B1A8C1D620089EAD1 /* FTGroup.m */ = {isa = PBXFileReference; fileEncoding = 4; lastKnownFileType = sourcecode.c.objc; path = FTGroup.m; sourceTree = "<group>"; };
		9F51483D1A8D32250089EAD1 /* CoreImage.framework */ = {isa = PBXFileReference; lastKnownFileType = wrapper.framework; name = CoreImage.framework; path = System/Library/Frameworks/CoreImage.framework; sourceTree = SDKROOT; };
		9F51483F1A8D32880089EAD1 /* ImageIO.framework */ = {isa = PBXFileReference; lastKnownFileType = wrapper.framework; name = ImageIO.framework; path = System/Library/Frameworks/ImageIO.framework; sourceTree = SDKROOT; };
		AACBDE7C2E82B28619A0AF3B /* Pods-faceTagTester.debug.xcconfig */ = {isa = PBXFileReference; includeInIndex = 1; lastKnownFileType = text.xcconfig; name = "Pods-faceTagTester.debug.xcconfig"; path = "Pods/Target Support Files/Pods-faceTagTester/Pods-faceTagTester.debug.xcconfig"; sourceTree = "<group>"; };
		B3B0E90590367B8483203163 /* Pods-faceTagTester.release.xcconfig */ = {isa = PBXFileReference; includeInIndex = 1; lastKnownFileType = text.xcconfig; name = "Pods-faceTagTester.release.xcconfig"; path = "Pods/Target Support Files/Pods-faceTagTester/Pods-faceTagTester.release.xcconfig"; sourceTree = "<group>"; };
		D1651EF31A985DE1004757B4 /* FTNetwork.h */ = {isa = PBXFileReference; fileEncoding = 4; lastKnownFileType = sourcecode.c.h; path = FTNetwork.h; sourceTree = "<group>"; };
		D1651EF41A985DE1004757B4 /* FTNetwork.m */ = {isa = PBXFileReference; fileEncoding = 4; lastKnownFileType = sourcecode.c.objc; path = FTNetwork.m; sourceTree = "<group>"; };
		D1651EF91A9C5B17004757B4 /* FTGroupsListViewController.h */ = {isa = PBXFileReference; fileEncoding = 4; lastKnownFileType = sourcecode.c.h; path = FTGroupsListViewController.h; sourceTree = "<group>"; };
		D1651EFA1A9C5B17004757B4 /* FTGroupsListViewController.m */ = {isa = PBXFileReference; fileEncoding = 4; lastKnownFileType = sourcecode.c.objc; path = FTGroupsListViewController.m; sourceTree = "<group>"; };
		D1651EFC1A9D9F8C004757B4 /* FTPersonPopUpView.h */ = {isa = PBXFileReference; fileEncoding = 4; lastKnownFileType = sourcecode.c.h; path = FTPersonPopUpView.h; sourceTree = "<group>"; };
		D1651EFD1A9D9F8C004757B4 /* FTPersonPopUpView.m */ = {isa = PBXFileReference; fileEncoding = 4; lastKnownFileType = sourcecode.c.objc; path = FTPersonPopUpView.m; sourceTree = "<group>"; };
		D1B9F8FF1A8B3D31002538E0 /* FTModel.h */ = {isa = PBXFileReference; fileEncoding = 4; lastKnownFileType = sourcecode.c.h; path = FTModel.h; sourceTree = "<group>"; };
		D1B9F9001A8B3D31002538E0 /* FTModel.m */ = {isa = PBXFileReference; fileEncoding = 4; lastKnownFileType = sourcecode.c.objc; path = FTModel.m; sourceTree = "<group>"; };
		D1B9F9021A8B4425002538E0 /* FTPhoto.h */ = {isa = PBXFileReference; fileEncoding = 4; lastKnownFileType = sourcecode.c.h; path = FTPhoto.h; sourceTree = "<group>"; };
		D1B9F9031A8B4425002538E0 /* FTPhoto.m */ = {isa = PBXFileReference; fileEncoding = 4; lastKnownFileType = sourcecode.c.objc; path = FTPhoto.m; sourceTree = "<group>"; };
		D1B9F9051A8DD8A6002538E0 /* chengyue-s.jpg */ = {isa = PBXFileReference; lastKnownFileType = image.jpeg; path = "chengyue-s.jpg"; sourceTree = "<group>"; };
		D1B9F9061A8DD8A6002538E0 /* siyao-s.jpg */ = {isa = PBXFileReference; lastKnownFileType = image.jpeg; path = "siyao-s.jpg"; sourceTree = "<group>"; };
/* End PBXFileReference section */

/* Begin PBXFrameworksBuildPhase section */
		9F5147881A8A87050089EAD1 /* Frameworks */ = {
			isa = PBXFrameworksBuildPhase;
			buildActionMask = 2147483647;
			files = (
				9F4D03761AAF74B200806AF5 /* libsqlite3.dylib in Frameworks */,
				9F4D03741AAF74A700806AF5 /* libz.dylib in Frameworks */,
				9F4D03721AAF749800806AF5 /* SystemConfiguration.framework in Frameworks */,
				9F4D03701AAF748E00806AF5 /* StoreKit.framework in Frameworks */,
				9F4D036E1AAF747A00806AF5 /* Security.framework in Frameworks */,
				9F4D036C1AAF747100806AF5 /* QuartzCore.framework in Frameworks */,
				9F4D036A1AAF746800806AF5 /* MobileCoreServices.framework in Frameworks */,
				9F4D03681AAF745800806AF5 /* CoreGraphics.framework in Frameworks */,
				9F4D03661AAF744C00806AF5 /* CFNetwork.framework in Frameworks */,
				9F4D03641AAF744200806AF5 /* AudioToolbox.framework in Frameworks */,
				9F5148401A8D32880089EAD1 /* ImageIO.framework in Frameworks */,
				9F51483E1A8D32250089EAD1 /* CoreImage.framework in Frameworks */,
				8828DC65D52725E072566437 /* libPods-faceTagTester.a in Frameworks */,
				9F4D03611AAF73FC00806AF5 /* Bolts.framework in Frameworks */,
				9F4D03621AAF73FC00806AF5 /* Parse.framework in Frameworks */,
			);
			runOnlyForDeploymentPostprocessing = 0;
		};
		9F5147A41A8A87050089EAD1 /* Frameworks */ = {
			isa = PBXFrameworksBuildPhase;
			buildActionMask = 2147483647;
			files = (
			);
			runOnlyForDeploymentPostprocessing = 0;
		};
/* End PBXFrameworksBuildPhase section */

/* Begin PBXGroup section */
		3A830DED98EB540A240EFA11 /* Pods */ = {
			isa = PBXGroup;
			children = (
				AACBDE7C2E82B28619A0AF3B /* Pods-faceTagTester.debug.xcconfig */,
				B3B0E90590367B8483203163 /* Pods-faceTagTester.release.xcconfig */,
			);
			name = Pods;
			sourceTree = "<group>";
		};
		521457E2A639FD6E9D90A48B /* Frameworks */ = {
			isa = PBXGroup;
			children = (
				9F4D03751AAF74B200806AF5 /* libsqlite3.dylib */,
				9F4D03731AAF74A700806AF5 /* libz.dylib */,
				9F4D03711AAF749700806AF5 /* SystemConfiguration.framework */,
				9F4D036F1AAF748E00806AF5 /* StoreKit.framework */,
				9F4D036D1AAF747A00806AF5 /* Security.framework */,
				9F4D036B1AAF747100806AF5 /* QuartzCore.framework */,
				9F4D03691AAF746800806AF5 /* MobileCoreServices.framework */,
				9F4D03671AAF745800806AF5 /* CoreGraphics.framework */,
				9F4D03651AAF744C00806AF5 /* CFNetwork.framework */,
				9F4D03631AAF744200806AF5 /* AudioToolbox.framework */,
				9F4D035F1AAF73FB00806AF5 /* Bolts.framework */,
				9F4D03601AAF73FB00806AF5 /* Parse.framework */,
				9F51483F1A8D32880089EAD1 /* ImageIO.framework */,
				9F51483D1A8D32250089EAD1 /* CoreImage.framework */,
				4CCA340E593D8FC9F165DACC /* libPods-faceTagTester.a */,
			);
			name = Frameworks;
			sourceTree = "<group>";
		};
		9F4D03341A9412C000806AF5 /* Utilities */ = {
			isa = PBXGroup;
			children = (
				9F4D03361A97E3F500806AF5 /* UIColor+FTAdditions.h */,
				9F4D03371A97E3F500806AF5 /* UIColor+FTAdditions.m */,
				9F4D032E1A93C85A00806AF5 /* UIImage+FTAdditions.h */,
				9F4D032F1A93C85A00806AF5 /* UIImage+FTAdditions.m */,
				9F4D03311A94121F00806AF5 /* FTAdditions.h */,
				9F4D03321A94121F00806AF5 /* FTAdditions.m */,
			);
			name = Utilities;
			sourceTree = "<group>";
		};
		9F4D03461AA0FEF200806AF5 /* assets */ = {
			isa = PBXGroup;
			children = (
				9F4D03581AA6932800806AF5 /* date-select.png */,
				9F4D03591AA6932800806AF5 /* date-select@2x.png */,
				9F4D03471AA0FF0300806AF5 /* capture-flip-pressed.png */,
				9F4D03481AA0FF0300806AF5 /* capture-flip-pressed@2x.png */,
				9F4D03491AA0FF0300806AF5 /* capture-flip.png */,
				9F4D034A1AA0FF0300806AF5 /* capture-flip@2x.png */,
			);
			name = assets;
			path = faceTagTester;
			sourceTree = "<group>";
		};
		9F5147821A8A87050089EAD1 = {
			isa = PBXGroup;
			children = (
				9F4D03461AA0FEF200806AF5 /* assets */,
				9F51480F1A8ADEE40089EAD1 /* test photos */,
				9F51478D1A8A87050089EAD1 /* faceTagTester */,
				9F5147AA1A8A87050089EAD1 /* faceTagTesterTests */,
				9F51478C1A8A87050089EAD1 /* Products */,
				3A830DED98EB540A240EFA11 /* Pods */,
				521457E2A639FD6E9D90A48B /* Frameworks */,
			);
			sourceTree = "<group>";
		};
		9F51478C1A8A87050089EAD1 /* Products */ = {
			isa = PBXGroup;
			children = (
				9F51478B1A8A87050089EAD1 /* faceTagTester.app */,
				9F5147A71A8A87050089EAD1 /* faceTagTesterTests.xctest */,
			);
			name = Products;
			sourceTree = "<group>";
		};
		9F51478D1A8A87050089EAD1 /* faceTagTester */ = {
			isa = PBXGroup;
			children = (
				9F4D035C1AA92E0800806AF5 /* FTFaceRecognitionManager.h */,
				9F4D035D1AA92E0800806AF5 /* FTFaceRecognitionManager.m */,
				D1B9F8FE1A8B3723002538E0 /* Models */,
				9F5147921A8A87050089EAD1 /* AppDelegate.h */,
				9F5147931A8A87050089EAD1 /* AppDelegate.m */,
				D1651EF31A985DE1004757B4 /* FTNetwork.h */,
				D1651EF41A985DE1004757B4 /* FTNetwork.m */,
				D1651EF91A9C5B17004757B4 /* FTGroupsListViewController.h */,
				D1651EFA1A9C5B17004757B4 /* FTGroupsListViewController.m */,
				9F4D03551AA65CD600806AF5 /* FTGroupListTableViewCell.h */,
				9F4D03561AA65CD600806AF5 /* FTGroupListTableViewCell.m */,
				9F5147981A8A87050089EAD1 /* FTGroupPhotosViewController.h */,
				9F5147991A8A87050089EAD1 /* FTGroupPhotosViewController.m */,
				9F4D03391A97ECFE00806AF5 /* FTGroupManagingViewController.h */,
				9F4D033A1A97ECFE00806AF5 /* FTGroupManagingViewController.m */,
				D1651EFC1A9D9F8C004757B4 /* FTPersonPopUpView.h */,
				D1651EFD1A9D9F8C004757B4 /* FTPersonPopUpView.m */,
				9F4D03521AA184A700806AF5 /* FTPopupView.h */,
				9F4D03531AA184A700806AF5 /* FTPopupView.m */,
				9F4D033C1A97F50C00806AF5 /* FTPeopleCollectionView.h */,
				9F4D033D1A97F50C00806AF5 /* FTPeopleCollectionView.m */,
				9F4D03341A9412C000806AF5 /* Utilities */,
				9F5147BA1A8AC11C0089EAD1 /* face++ */,
				9F51479B1A8A87050089EAD1 /* Main.storyboard */,
				9F51479E1A8A87050089EAD1 /* Images.xcassets */,
				9F5147A01A8A87050089EAD1 /* LaunchScreen.xib */,
				9F5147951A8A87050089EAD1 /* faceTagTester.xcdatamodeld */,
				9F51478E1A8A87050089EAD1 /* Supporting Files */,
			);
			path = faceTagTester;
			sourceTree = "<group>";
		};
		9F51478E1A8A87050089EAD1 /* Supporting Files */ = {
			isa = PBXGroup;
			children = (
				9F4D03351A9571A800806AF5 /* faceTagTester-Prefix.pch */,
				9F51478F1A8A87050089EAD1 /* Info.plist */,
				9F5147901A8A87050089EAD1 /* main.m */,
			);
			name = "Supporting Files";
			sourceTree = "<group>";
		};
		9F5147AA1A8A87050089EAD1 /* faceTagTesterTests */ = {
			isa = PBXGroup;
			children = (
				9F5147AD1A8A87050089EAD1 /* faceTagTesterTests.m */,
				9F5147AB1A8A87050089EAD1 /* Supporting Files */,
			);
			path = faceTagTesterTests;
			sourceTree = "<group>";
		};
		9F5147AB1A8A87050089EAD1 /* Supporting Files */ = {
			isa = PBXGroup;
			children = (
				9F5147AC1A8A87050089EAD1 /* Info.plist */,
			);
			name = "Supporting Files";
			sourceTree = "<group>";
		};
		9F5147BA1A8AC11C0089EAD1 /* face++ */ = {
			isa = PBXGroup;
			children = (
				9F5148101A8BE61F0089EAD1 /* FaceppSDK_ARC */,
				9F5147BB1A8AC13C0089EAD1 /* FaceppDetection+LocalResultUploader.h */,
				9F5147BC1A8AC13C0089EAD1 /* FaceppDetection+LocalResultUploader.m */,
			);
			name = "face++";
			sourceTree = "<group>";
		};
		9F51480F1A8ADEE40089EAD1 /* test photos */ = {
			isa = PBXGroup;
			children = (
				D1B9F9051A8DD8A6002538E0 /* chengyue-s.jpg */,
				D1B9F9061A8DD8A6002538E0 /* siyao-s.jpg */,
				9F51480B1A8ADED90089EAD1 /* chengyue.jpeg */,
				9F51480C1A8ADED90089EAD1 /* siyao.jpeg */,
			);
			name = "test photos";
			path = faceTagTester;
			sourceTree = "<group>";
		};
		9F5148101A8BE61F0089EAD1 /* FaceppSDK_ARC */ = {
			isa = PBXGroup;
			children = (
				9F5148111A8BE61F0089EAD1 /* FaceppAPI.h */,
				9F5148121A8BE61F0089EAD1 /* FaceppAPI.m */,
				9F5148131A8BE61F0089EAD1 /* FaceppAPISource */,
				9F5148261A8BE6200089EAD1 /* FaceppResult */,
			);
			path = FaceppSDK_ARC;
			sourceTree = "<group>";
		};
		9F5148131A8BE61F0089EAD1 /* FaceppAPISource */ = {
			isa = PBXGroup;
			children = (
				9F5148141A8BE61F0089EAD1 /* FaceppClient.h */,
				9F5148151A8BE61F0089EAD1 /* FaceppClient.m */,
				9F5148161A8BE61F0089EAD1 /* FaceppDetection.h */,
				9F5148171A8BE61F0089EAD1 /* FaceppDetection.m */,
				9F5148181A8BE61F0089EAD1 /* FaceppFaceset.h */,
				9F5148191A8BE61F0089EAD1 /* FaceppFaceset.m */,
				9F51481A1A8BE61F0089EAD1 /* FaceppGroup.h */,
				9F51481B1A8BE61F0089EAD1 /* FaceppGroup.m */,
				9F51481C1A8BE61F0089EAD1 /* FaceppGrouping.h */,
				9F51481D1A8BE61F0089EAD1 /* FaceppGrouping.m */,
				9F51481E1A8BE61F0089EAD1 /* FaceppInfo.h */,
				9F51481F1A8BE61F0089EAD1 /* FaceppInfo.m */,
				9F5148201A8BE6200089EAD1 /* FaceppPerson.h */,
				9F5148211A8BE6200089EAD1 /* FaceppPerson.m */,
				9F5148221A8BE6200089EAD1 /* FaceppRecognition.h */,
				9F5148231A8BE6200089EAD1 /* FaceppRecognition.m */,
				9F5148241A8BE6200089EAD1 /* FaceppTrainer.h */,
				9F5148251A8BE6200089EAD1 /* FaceppTrainer.m */,
			);
			path = FaceppAPISource;
			sourceTree = "<group>";
		};
		9F5148261A8BE6200089EAD1 /* FaceppResult */ = {
			isa = PBXGroup;
			children = (
				9F5148271A8BE6200089EAD1 /* FaceppError.h */,
				9F5148281A8BE6200089EAD1 /* FaceppError.m */,
				9F5148291A8BE6200089EAD1 /* FaceppResult.h */,
				9F51482A1A8BE6200089EAD1 /* FaceppResult.m */,
			);
			path = FaceppResult;
			sourceTree = "<group>";
		};
		D1B9F8FE1A8B3723002538E0 /* Models */ = {
			isa = PBXGroup;
			children = (
				9F5148371A8BEDB80089EAD1 /* FTDetector.h */,
				9F5148381A8BEDB80089EAD1 /* FTDetector.m */,
				9F5147B71A8A8CAA0089EAD1 /* FTPerson.h */,
				9F5147B81A8A8CAA0089EAD1 /* FTPerson.m */,
				9F51483A1A8C1D620089EAD1 /* FTGroup.h */,
				9F51483B1A8C1D620089EAD1 /* FTGroup.m */,
				D1B9F9021A8B4425002538E0 /* FTPhoto.h */,
				D1B9F9031A8B4425002538E0 /* FTPhoto.m */,
				D1B9F8FF1A8B3D31002538E0 /* FTModel.h */,
				D1B9F9001A8B3D31002538E0 /* FTModel.m */,
			);
			name = Models;
			sourceTree = "<group>";
		};
/* End PBXGroup section */

/* Begin PBXNativeTarget section */
		9F51478A1A8A87050089EAD1 /* faceTagTester */ = {
			isa = PBXNativeTarget;
			buildConfigurationList = 9F5147B11A8A87050089EAD1 /* Build configuration list for PBXNativeTarget "faceTagTester" */;
			buildPhases = (
				16AA6C452B9870B3262D7AA8 /* Check Pods Manifest.lock */,
				9F5147871A8A87050089EAD1 /* Sources */,
				9F5147881A8A87050089EAD1 /* Frameworks */,
				9F5147891A8A87050089EAD1 /* Resources */,
				881A1986F7885A1FA51978A4 /* Copy Pods Resources */,
			);
			buildRules = (
			);
			dependencies = (
			);
			name = faceTagTester;
			productName = faceTagTester;
			productReference = 9F51478B1A8A87050089EAD1 /* faceTagTester.app */;
			productType = "com.apple.product-type.application";
		};
		9F5147A61A8A87050089EAD1 /* faceTagTesterTests */ = {
			isa = PBXNativeTarget;
			buildConfigurationList = 9F5147B41A8A87050089EAD1 /* Build configuration list for PBXNativeTarget "faceTagTesterTests" */;
			buildPhases = (
				9F5147A31A8A87050089EAD1 /* Sources */,
				9F5147A41A8A87050089EAD1 /* Frameworks */,
				9F5147A51A8A87050089EAD1 /* Resources */,
			);
			buildRules = (
			);
			dependencies = (
				9F5147A91A8A87050089EAD1 /* PBXTargetDependency */,
			);
			name = faceTagTesterTests;
			productName = faceTagTesterTests;
			productReference = 9F5147A71A8A87050089EAD1 /* faceTagTesterTests.xctest */;
			productType = "com.apple.product-type.bundle.unit-test";
		};
/* End PBXNativeTarget section */

/* Begin PBXProject section */
		9F5147831A8A87050089EAD1 /* Project object */ = {
			isa = PBXProject;
			attributes = {
				LastUpgradeCheck = 0610;
				ORGANIZATIONNAME = "Siyao Xie";
				TargetAttributes = {
					9F51478A1A8A87050089EAD1 = {
						CreatedOnToolsVersion = 6.1.1;
						DevelopmentTeam = ZSAWMFSS9U;
					};
					9F5147A61A8A87050089EAD1 = {
						CreatedOnToolsVersion = 6.1.1;
						TestTargetID = 9F51478A1A8A87050089EAD1;
					};
				};
			};
			buildConfigurationList = 9F5147861A8A87050089EAD1 /* Build configuration list for PBXProject "faceTagTester" */;
			compatibilityVersion = "Xcode 3.2";
			developmentRegion = English;
			hasScannedForEncodings = 0;
			knownRegions = (
				en,
				Base,
			);
			mainGroup = 9F5147821A8A87050089EAD1;
			productRefGroup = 9F51478C1A8A87050089EAD1 /* Products */;
			projectDirPath = "";
			projectRoot = "";
			targets = (
				9F51478A1A8A87050089EAD1 /* faceTagTester */,
				9F5147A61A8A87050089EAD1 /* faceTagTesterTests */,
			);
		};
/* End PBXProject section */

/* Begin PBXResourcesBuildPhase section */
		9F5147891A8A87050089EAD1 /* Resources */ = {
			isa = PBXResourcesBuildPhase;
			buildActionMask = 2147483647;
			files = (
				9F51479D1A8A87050089EAD1 /* Main.storyboard in Resources */,
				D1B9F9071A8DD8A6002538E0 /* chengyue-s.jpg in Resources */,
				9F4D034B1AA0FF0300806AF5 /* capture-flip-pressed.png in Resources */,
				9F4D034E1AA0FF0300806AF5 /* capture-flip@2x.png in Resources */,
				9F4D034D1AA0FF0300806AF5 /* capture-flip.png in Resources */,
				9F4D035A1AA6932800806AF5 /* date-select.png in Resources */,
				9F51480D1A8ADED90089EAD1 /* chengyue.jpeg in Resources */,
				9F5147A21A8A87050089EAD1 /* LaunchScreen.xib in Resources */,
				9F4D034C1AA0FF0300806AF5 /* capture-flip-pressed@2x.png in Resources */,
				D1B9F9081A8DD8A8002538E0 /* siyao-s.jpg in Resources */,
				9F4D035B1AA6932800806AF5 /* date-select@2x.png in Resources */,
				9F51480E1A8ADEDA0089EAD1 /* siyao.jpeg in Resources */,
				9F51479F1A8A87050089EAD1 /* Images.xcassets in Resources */,
			);
			runOnlyForDeploymentPostprocessing = 0;
		};
		9F5147A51A8A87050089EAD1 /* Resources */ = {
			isa = PBXResourcesBuildPhase;
			buildActionMask = 2147483647;
			files = (
			);
			runOnlyForDeploymentPostprocessing = 0;
		};
/* End PBXResourcesBuildPhase section */

/* Begin PBXShellScriptBuildPhase section */
		16AA6C452B9870B3262D7AA8 /* Check Pods Manifest.lock */ = {
			isa = PBXShellScriptBuildPhase;
			buildActionMask = 2147483647;
			files = (
			);
			inputPaths = (
			);
			name = "Check Pods Manifest.lock";
			outputPaths = (
			);
			runOnlyForDeploymentPostprocessing = 0;
			shellPath = /bin/sh;
			shellScript = "diff \"${PODS_ROOT}/../Podfile.lock\" \"${PODS_ROOT}/Manifest.lock\" > /dev/null\nif [[ $? != 0 ]] ; then\n    cat << EOM\nerror: The sandbox is not in sync with the Podfile.lock. Run 'pod install' or update your CocoaPods installation.\nEOM\n    exit 1\nfi\n";
			showEnvVarsInLog = 0;
		};
		881A1986F7885A1FA51978A4 /* Copy Pods Resources */ = {
			isa = PBXShellScriptBuildPhase;
			buildActionMask = 2147483647;
			files = (
			);
			inputPaths = (
			);
			name = "Copy Pods Resources";
			outputPaths = (
			);
			runOnlyForDeploymentPostprocessing = 0;
			shellPath = /bin/sh;
			shellScript = "\"${SRCROOT}/Pods/Target Support Files/Pods-faceTagTester/Pods-faceTagTester-resources.sh\"\n";
			showEnvVarsInLog = 0;
		};
/* End PBXShellScriptBuildPhase section */

/* Begin PBXSourcesBuildPhase section */
		9F5147871A8A87050089EAD1 /* Sources */ = {
			isa = PBXSourcesBuildPhase;
			buildActionMask = 2147483647;
			files = (
				9F51482B1A8BE6200089EAD1 /* FaceppAPI.m in Sources */,
				9F4D03331A94121F00806AF5 /* FTAdditions.m in Sources */,
				9F5147941A8A87050089EAD1 /* AppDelegate.m in Sources */,
				D1651EFE1A9D9F8C004757B4 /* FTPersonPopUpView.m in Sources */,
				9F5148311A8BE6200089EAD1 /* FaceppInfo.m in Sources */,
				9F5147B91A8A8CAA0089EAD1 /* FTPerson.m in Sources */,
				9F5148301A8BE6200089EAD1 /* FaceppGrouping.m in Sources */,
				9F4D033B1A97ECFE00806AF5 /* FTGroupManagingViewController.m in Sources */,
				9F5147911A8A87050089EAD1 /* main.m in Sources */,
				9F5148331A8BE6200089EAD1 /* FaceppRecognition.m in Sources */,
				9F5148361A8BE6200089EAD1 /* FaceppResult.m in Sources */,
				9F4D03381A97E3F500806AF5 /* UIColor+FTAdditions.m in Sources */,
				9F51482E1A8BE6200089EAD1 /* FaceppFaceset.m in Sources */,
				9F5147BF1A8AC13C0089EAD1 /* FaceppDetection+LocalResultUploader.m in Sources */,
				9F51479A1A8A87050089EAD1 /* FTGroupPhotosViewController.m in Sources */,
				9F4D03301A93C85A00806AF5 /* UIImage+FTAdditions.m in Sources */,
				9F4D033E1A97F50C00806AF5 /* FTPeopleCollectionView.m in Sources */,
				9F5147971A8A87050089EAD1 /* faceTagTester.xcdatamodeld in Sources */,
				9F51482C1A8BE6200089EAD1 /* FaceppClient.m in Sources */,
				D1651EF51A985DE1004757B4 /* FTNetwork.m in Sources */,
				9F5148351A8BE6200089EAD1 /* FaceppError.m in Sources */,
				9F4D03571AA65CD600806AF5 /* FTGroupListTableViewCell.m in Sources */,
				9F4D03541AA184A700806AF5 /* FTPopupView.m in Sources */,
				9F4D035E1AA92E0800806AF5 /* FTFaceRecognitionManager.m in Sources */,
				9F51482F1A8BE6200089EAD1 /* FaceppGroup.m in Sources */,
				D1651EFB1A9C5B17004757B4 /* FTGroupsListViewController.m in Sources */,
				D1B9F9041A8B4425002538E0 /* FTPhoto.m in Sources */,
				9F5148341A8BE6200089EAD1 /* FaceppTrainer.m in Sources */,
				9F51482D1A8BE6200089EAD1 /* FaceppDetection.m in Sources */,
				D1B9F9011A8B3D31002538E0 /* FTModel.m in Sources */,
				9F5148321A8BE6200089EAD1 /* FaceppPerson.m in Sources */,
				9F5148391A8BEDB80089EAD1 /* FTDetector.m in Sources */,
				9F51483C1A8C1D620089EAD1 /* FTGroup.m in Sources */,
			);
			runOnlyForDeploymentPostprocessing = 0;
		};
		9F5147A31A8A87050089EAD1 /* Sources */ = {
			isa = PBXSourcesBuildPhase;
			buildActionMask = 2147483647;
			files = (
				9F5147AE1A8A87050089EAD1 /* faceTagTesterTests.m in Sources */,
			);
			runOnlyForDeploymentPostprocessing = 0;
		};
/* End PBXSourcesBuildPhase section */

/* Begin PBXTargetDependency section */
		9F5147A91A8A87050089EAD1 /* PBXTargetDependency */ = {
			isa = PBXTargetDependency;
			target = 9F51478A1A8A87050089EAD1 /* faceTagTester */;
			targetProxy = 9F5147A81A8A87050089EAD1 /* PBXContainerItemProxy */;
		};
/* End PBXTargetDependency section */

/* Begin PBXVariantGroup section */
		9F51479B1A8A87050089EAD1 /* Main.storyboard */ = {
			isa = PBXVariantGroup;
			children = (
				9F51479C1A8A87050089EAD1 /* Base */,
			);
			name = Main.storyboard;
			sourceTree = "<group>";
		};
		9F5147A01A8A87050089EAD1 /* LaunchScreen.xib */ = {
			isa = PBXVariantGroup;
			children = (
				9F5147A11A8A87050089EAD1 /* Base */,
			);
			name = LaunchScreen.xib;
			sourceTree = "<group>";
		};
/* End PBXVariantGroup section */

/* Begin XCBuildConfiguration section */
		9F5147AF1A8A87050089EAD1 /* Debug */ = {
			isa = XCBuildConfiguration;
			buildSettings = {
				ALWAYS_SEARCH_USER_PATHS = NO;
				CLANG_CXX_LANGUAGE_STANDARD = "gnu++0x";
				CLANG_CXX_LIBRARY = "libc++";
				CLANG_ENABLE_MODULES = YES;
				CLANG_ENABLE_OBJC_ARC = YES;
				CLANG_WARN_BOOL_CONVERSION = YES;
				CLANG_WARN_CONSTANT_CONVERSION = YES;
				CLANG_WARN_DIRECT_OBJC_ISA_USAGE = YES_ERROR;
				CLANG_WARN_EMPTY_BODY = YES;
				CLANG_WARN_ENUM_CONVERSION = YES;
				CLANG_WARN_INT_CONVERSION = YES;
				CLANG_WARN_OBJC_ROOT_CLASS = YES_ERROR;
				CLANG_WARN_UNREACHABLE_CODE = YES;
				CLANG_WARN__DUPLICATE_METHOD_MATCH = YES;
				"CODE_SIGN_IDENTITY[sdk=iphoneos*]" = "iPhone Developer";
				COPY_PHASE_STRIP = NO;
				ENABLE_STRICT_OBJC_MSGSEND = YES;
				GCC_C_LANGUAGE_STANDARD = gnu99;
				GCC_DYNAMIC_NO_PIC = NO;
				GCC_OPTIMIZATION_LEVEL = 0;
				GCC_PREPROCESSOR_DEFINITIONS = (
					"DEBUG=1",
					"$(inherited)",
				);
				GCC_SYMBOLS_PRIVATE_EXTERN = NO;
				GCC_WARN_64_TO_32_BIT_CONVERSION = YES;
				GCC_WARN_ABOUT_RETURN_TYPE = YES_ERROR;
				GCC_WARN_UNDECLARED_SELECTOR = YES;
				GCC_WARN_UNINITIALIZED_AUTOS = YES_AGGRESSIVE;
				GCC_WARN_UNUSED_FUNCTION = YES;
				GCC_WARN_UNUSED_VARIABLE = YES;
				IPHONEOS_DEPLOYMENT_TARGET = 8.1;
				MTL_ENABLE_DEBUG_INFO = YES;
				ONLY_ACTIVE_ARCH = YES;
				SDKROOT = iphoneos;
				TARGETED_DEVICE_FAMILY = "1,2";
			};
			name = Debug;
		};
		9F5147B01A8A87050089EAD1 /* Release */ = {
			isa = XCBuildConfiguration;
			buildSettings = {
				ALWAYS_SEARCH_USER_PATHS = NO;
				CLANG_CXX_LANGUAGE_STANDARD = "gnu++0x";
				CLANG_CXX_LIBRARY = "libc++";
				CLANG_ENABLE_MODULES = YES;
				CLANG_ENABLE_OBJC_ARC = YES;
				CLANG_WARN_BOOL_CONVERSION = YES;
				CLANG_WARN_CONSTANT_CONVERSION = YES;
				CLANG_WARN_DIRECT_OBJC_ISA_USAGE = YES_ERROR;
				CLANG_WARN_EMPTY_BODY = YES;
				CLANG_WARN_ENUM_CONVERSION = YES;
				CLANG_WARN_INT_CONVERSION = YES;
				CLANG_WARN_OBJC_ROOT_CLASS = YES_ERROR;
				CLANG_WARN_UNREACHABLE_CODE = YES;
				CLANG_WARN__DUPLICATE_METHOD_MATCH = YES;
				"CODE_SIGN_IDENTITY[sdk=iphoneos*]" = "iPhone Developer";
				COPY_PHASE_STRIP = YES;
				ENABLE_NS_ASSERTIONS = NO;
				ENABLE_STRICT_OBJC_MSGSEND = YES;
				GCC_C_LANGUAGE_STANDARD = gnu99;
				GCC_WARN_64_TO_32_BIT_CONVERSION = YES;
				GCC_WARN_ABOUT_RETURN_TYPE = YES_ERROR;
				GCC_WARN_UNDECLARED_SELECTOR = YES;
				GCC_WARN_UNINITIALIZED_AUTOS = YES_AGGRESSIVE;
				GCC_WARN_UNUSED_FUNCTION = YES;
				GCC_WARN_UNUSED_VARIABLE = YES;
				IPHONEOS_DEPLOYMENT_TARGET = 8.1;
				MTL_ENABLE_DEBUG_INFO = NO;
				SDKROOT = iphoneos;
				TARGETED_DEVICE_FAMILY = "1,2";
				VALIDATE_PRODUCT = YES;
			};
			name = Release;
		};
		9F5147B21A8A87050089EAD1 /* Debug */ = {
			isa = XCBuildConfiguration;
			baseConfigurationReference = AACBDE7C2E82B28619A0AF3B /* Pods-faceTagTester.debug.xcconfig */;
			buildSettings = {
				ASSETCATALOG_COMPILER_APPICON_NAME = AppIcon;
				CLANG_CXX_LANGUAGE_STANDARD = "compiler-default";
				CLANG_CXX_LIBRARY = "compiler-default";
				CODE_SIGN_IDENTITY = "iPhone Developer";
				"CODE_SIGN_IDENTITY[sdk=iphoneos*]" = "iPhone Developer";
				FRAMEWORK_SEARCH_PATHS = (
					"$(inherited)",
					"$(PROJECT_DIR)",
				);
				GCC_C_LANGUAGE_STANDARD = "compiler-default";
				GCC_PRECOMPILE_PREFIX_HEADER = YES;
				GCC_PREFIX_HEADER = "faceTagTester/faceTagTester-Prefix.pch";
				INFOPLIST_FILE = faceTagTester/Info.plist;
				LD_RUNPATH_SEARCH_PATHS = "$(inherited) @executable_path/Frameworks";
				LIBRARY_SEARCH_PATHS = (
					"$(inherited)",
					"$(PROJECT_DIR)/faceTagTester",
				);
				ONLY_ACTIVE_ARCH = YES;
				PRODUCT_NAME = "$(TARGET_NAME)";
				PROVISIONING_PROFILE = "";
				VALID_ARCHS = "armv7 armv7s arm64";
			};
			name = Debug;
		};
		9F5147B31A8A87050089EAD1 /* Release */ = {
			isa = XCBuildConfiguration;
			baseConfigurationReference = B3B0E90590367B8483203163 /* Pods-faceTagTester.release.xcconfig */;
			buildSettings = {
				ASSETCATALOG_COMPILER_APPICON_NAME = AppIcon;
				CLANG_CXX_LANGUAGE_STANDARD = "compiler-default";
				CLANG_CXX_LIBRARY = "compiler-default";
				CODE_SIGN_IDENTITY = "iPhone Developer";
				"CODE_SIGN_IDENTITY[sdk=iphoneos*]" = "iPhone Developer";
				FRAMEWORK_SEARCH_PATHS = (
					"$(inherited)",
					"$(PROJECT_DIR)",
				);
				GCC_C_LANGUAGE_STANDARD = "compiler-default";
				GCC_PRECOMPILE_PREFIX_HEADER = YES;
				GCC_PREFIX_HEADER = "faceTagTester/faceTagTester-Prefix.pch";
				INFOPLIST_FILE = faceTagTester/Info.plist;
				LD_RUNPATH_SEARCH_PATHS = "$(inherited) @executable_path/Frameworks";
				LIBRARY_SEARCH_PATHS = (
					"$(inherited)",
					"$(PROJECT_DIR)/faceTagTester",
				);
				PRODUCT_NAME = "$(TARGET_NAME)";
				PROVISIONING_PROFILE = "";
				VALID_ARCHS = "armv7 armv7s arm64";
			};
			name = Release;
		};
		9F5147B51A8A87050089EAD1 /* Debug */ = {
			isa = XCBuildConfiguration;
			buildSettings = {
				BUNDLE_LOADER = "$(TEST_HOST)";
				FRAMEWORK_SEARCH_PATHS = (
					"$(SDKROOT)/Developer/Library/Frameworks",
					"$(inherited)",
				);
				GCC_PREPROCESSOR_DEFINITIONS = (
					"DEBUG=1",
					"$(inherited)",
				);
				INFOPLIST_FILE = faceTagTesterTests/Info.plist;
				LD_RUNPATH_SEARCH_PATHS = "$(inherited) @executable_path/Frameworks @loader_path/Frameworks";
				PRODUCT_NAME = "$(TARGET_NAME)";
				TEST_HOST = "$(BUILT_PRODUCTS_DIR)/faceTagTester.app/faceTagTester";
			};
			name = Debug;
		};
		9F5147B61A8A87050089EAD1 /* Release */ = {
			isa = XCBuildConfiguration;
			buildSettings = {
				BUNDLE_LOADER = "$(TEST_HOST)";
				FRAMEWORK_SEARCH_PATHS = (
					"$(SDKROOT)/Developer/Library/Frameworks",
					"$(inherited)",
				);
				INFOPLIST_FILE = faceTagTesterTests/Info.plist;
				LD_RUNPATH_SEARCH_PATHS = "$(inherited) @executable_path/Frameworks @loader_path/Frameworks";
				PRODUCT_NAME = "$(TARGET_NAME)";
				TEST_HOST = "$(BUILT_PRODUCTS_DIR)/faceTagTester.app/faceTagTester";
			};
			name = Release;
		};
/* End XCBuildConfiguration section */

/* Begin XCConfigurationList section */
		9F5147861A8A87050089EAD1 /* Build configuration list for PBXProject "faceTagTester" */ = {
			isa = XCConfigurationList;
			buildConfigurations = (
				9F5147AF1A8A87050089EAD1 /* Debug */,
				9F5147B01A8A87050089EAD1 /* Release */,
			);
			defaultConfigurationIsVisible = 0;
			defaultConfigurationName = Release;
		};
		9F5147B11A8A87050089EAD1 /* Build configuration list for PBXNativeTarget "faceTagTester" */ = {
			isa = XCConfigurationList;
			buildConfigurations = (
				9F5147B21A8A87050089EAD1 /* Debug */,
				9F5147B31A8A87050089EAD1 /* Release */,
			);
			defaultConfigurationIsVisible = 0;
			defaultConfigurationName = Release;
		};
		9F5147B41A8A87050089EAD1 /* Build configuration list for PBXNativeTarget "faceTagTesterTests" */ = {
			isa = XCConfigurationList;
			buildConfigurations = (
				9F5147B51A8A87050089EAD1 /* Debug */,
				9F5147B61A8A87050089EAD1 /* Release */,
			);
			defaultConfigurationIsVisible = 0;
			defaultConfigurationName = Release;
		};
/* End XCConfigurationList section */

/* Begin XCVersionGroup section */
		9F5147951A8A87050089EAD1 /* faceTagTester.xcdatamodeld */ = {
			isa = XCVersionGroup;
			children = (
				9F5147961A8A87050089EAD1 /* faceTagTester.xcdatamodel */,
			);
			currentVersion = 9F5147961A8A87050089EAD1 /* faceTagTester.xcdatamodel */;
			path = faceTagTester.xcdatamodeld;
			sourceTree = "<group>";
			versionGroupType = wrapper.xcdatamodel;
		};
/* End XCVersionGroup section */
	};
	rootObject = 9F5147831A8A87050089EAD1 /* Project object */;
}
